// !$*UTF8*$!
{
	archiveVersion = 1;
	classes = {
	};
	objectVersion = 46;
	objects = {

/* Begin PBXBuildFile section */
		12C456F31C492ADE00B48D23 /* main.m in Sources */ = {isa = PBXBuildFile; fileRef = 12C456F21C492ADE00B48D23 /* main.m */; };
		12C456F61C492ADE00B48D23 /* AppDelegate.m in Sources */ = {isa = PBXBuildFile; fileRef = 12C456F51C492ADE00B48D23 /* AppDelegate.m */; };
		12C456F91C492ADE00B48D23 /* ViewController.m in Sources */ = {isa = PBXBuildFile; fileRef = 12C456F81C492ADE00B48D23 /* ViewController.m */; };
		12C456FC1C492ADE00B48D23 /* Main.storyboard in Resources */ = {isa = PBXBuildFile; fileRef = 12C456FA1C492ADE00B48D23 /* Main.storyboard */; };
		12C456FE1C492ADE00B48D23 /* Assets.xcassets in Resources */ = {isa = PBXBuildFile; fileRef = 12C456FD1C492ADE00B48D23 /* Assets.xcassets */; };
		12C457011C492ADE00B48D23 /* LaunchScreen.storyboard in Resources */ = {isa = PBXBuildFile; fileRef = 12C456FF1C492ADE00B48D23 /* LaunchScreen.storyboard */; };
/* End PBXBuildFile section */

/* Begin PBXFileReference section */
		12C456EE1C492ADE00B48D23 /* IsContentBlockerEnabled.app */ = {isa = PBXFileReference; explicitFileType = wrapper.application; includeInIndex = 0; path = IsContentBlockerEnabled.app; sourceTree = BUILT_PRODUCTS_DIR; };
		12C456F21C492ADE00B48D23 /* main.m */ = {isa = PBXFileReference; lastKnownFileType = sourcecode.c.objc; path = main.m; sourceTree = "<group>"; };
		12C456F41C492ADE00B48D23 /* AppDelegate.h */ = {isa = PBXFileReference; lastKnownFileType = sourcecode.c.h; path = AppDelegate.h; sourceTree = "<group>"; };
		12C456F51C492ADE00B48D23 /* AppDelegate.m */ = {isa = PBXFileReference; lastKnownFileType = sourcecode.c.objc; path = AppDelegate.m; sourceTree = "<group>"; };
		12C456F71C492ADE00B48D23 /* ViewController.h */ = {isa = PBXFileReference; lastKnownFileType = sourcecode.c.h; path = ViewController.h; sourceTree = "<group>"; };
		12C456F81C492ADE00B48D23 /* ViewController.m */ = {isa = PBXFileReference; lastKnownFileType = sourcecode.c.objc; path = ViewController.m; sourceTree = "<group>"; };
		12C456FB1C492ADE00B48D23 /* Base */ = {isa = PBXFileReference; lastKnownFileType = file.storyboard; name = Base; path = Base.lproj/Main.storyboard; sourceTree = "<group>"; };
		12C456FD1C492ADE00B48D23 /* Assets.xcassets */ = {isa = PBXFileReference; lastKnownFileType = folder.assetcatalog; path = Assets.xcassets; sourceTree = "<group>"; };
		12C457001C492ADE00B48D23 /* Base */ = {isa = PBXFileReference; lastKnownFileType = file.storyboard; name = Base; path = Base.lproj/LaunchScreen.storyboard; sourceTree = "<group>"; };
		12C457021C492ADF00B48D23 /* Info.plist */ = {isa = PBXFileReference; lastKnownFileType = text.plist.xml; path = Info.plist; sourceTree = "<group>"; };
/* End PBXFileReference section */

/* Begin PBXFrameworksBuildPhase section */
		12C456EB1C492ADE00B48D23 /* Frameworks */ = {
			isa = PBXFrameworksBuildPhase;
			buildActionMask = 2147483647;
			files = (
			);
			runOnlyForDeploymentPostprocessing = 0;
		};
/* End PBXFrameworksBuildPhase section */

/* Begin PBXGroup section */
		12C456E51C492ADE00B48D23 = {
			isa = PBXGroup;
			children = (
				12C456F01C492ADE00B48D23 /* IsContentBlockerEnabled */,
				12C456EF1C492ADE00B48D23 /* Products */,
			);
			sourceTree = "<group>";
		};
		12C456EF1C492ADE00B48D23 /* Products */ = {
			isa = PBXGroup;
			children = (
				12C456EE1C492ADE00B48D23 /* IsContentBlockerEnabled.app */,
			);
			name = Products;
			sourceTree = "<group>";
		};
		12C456F01C492ADE00B48D23 /* IsContentBlockerEnabled */ = {
			isa = PBXGroup;
			children = (
				12C456F41C492ADE00B48D23 /* AppDelegate.h */,
				12C456F51C492ADE00B48D23 /* AppDelegate.m */,
				12C456F71C492ADE00B48D23 /* ViewController.h */,
				12C456F81C492ADE00B48D23 /* ViewController.m */,
				12C456FA1C492ADE00B48D23 /* Main.storyboard */,
				12C456FD1C492ADE00B48D23 /* Assets.xcassets */,
				12C456FF1C492ADE00B48D23 /* LaunchScreen.storyboard */,
				12C457021C492ADF00B48D23 /* Info.plist */,
				12C456F11C492ADE00B48D23 /* Supporting Files */,
			);
			path = IsContentBlockerEnabled;
			sourceTree = "<group>";
		};
		12C456F11C492ADE00B48D23 /* Supporting Files */ = {
			isa = PBXGroup;
			children = (
				12C456F21C492ADE00B48D23 /* main.m */,
			);
			name = "Supporting Files";
			sourceTree = "<group>";
		};
/* End PBXGroup section */

/* Begin PBXNativeTarget section */
		12C456ED1C492ADE00B48D23 /* IsContentBlockerEnabled */ = {
			isa = PBXNativeTarget;
			buildConfigurationList = 12C457051C492ADF00B48D23 /* Build configuration list for PBXNativeTarget "IsContentBlockerEnabled" */;
			buildPhases = (
				12C456EA1C492ADE00B48D23 /* Sources */,
				12C456EB1C492ADE00B48D23 /* Frameworks */,
				12C456EC1C492ADE00B48D23 /* Resources */,
			);
			buildRules = (
			);
			dependencies = (
			);
			name = IsContentBlockerEnabled;
			productName = IsContentBlockerEnabled;
			productReference = 12C456EE1C492ADE00B48D23 /* IsContentBlockerEnabled.app */;
			productType = "com.apple.product-type.application";
		};
/* End PBXNativeTarget section */

/* Begin PBXProject section */
		12C456E61C492ADE00B48D23 /* Project object */ = {
			isa = PBXProject;
			attributes = {
				LastUpgradeCheck = 0720;
				ORGANIZATIONNAME = "Ryan Brodie";
				TargetAttributes = {
					12C456ED1C492ADE00B48D23 = {
						CreatedOnToolsVersion = 7.2;
					};
				};
			};
			buildConfigurationList = 12C456E91C492ADE00B48D23 /* Build configuration list for PBXProject "IsContentBlockerEnabled" */;
			compatibilityVersion = "Xcode 3.2";
			developmentRegion = English;
			hasScannedForEncodings = 0;
			knownRegions = (
				en,
				Base,
			);
			mainGroup = 12C456E51C492ADE00B48D23;
			productRefGroup = 12C456EF1C492ADE00B48D23 /* Products */;
			projectDirPath = "";
			projectRoot = "";
			targets = (
				12C456ED1C492ADE00B48D23 /* IsContentBlockerEnabled */,
			);
		};
/* End PBXProject section */

/* Begin PBXResourcesBuildPhase section */
		12C456EC1C492ADE00B48D23 /* Resources */ = {
			isa = PBXResourcesBuildPhase;
			buildActionMask = 2147483647;
			files = (
				12C457011C492ADE00B48D23 /* LaunchScreen.storyboard in Resources */,
				12C456FE1C492ADE00B48D23 /* Assets.xcassets in Resources */,
				12C456FC1C492ADE00B48D23 /* Main.storyboard in Resources */,
			);
			runOnlyForDeploymentPostprocessing = 0;
		};
/* End PBXResourcesBuildPhase section */

/* Begin PBXSourcesBuildPhase section */
		12C456EA1C492ADE00B48D23 /* Sources */ = {
			isa = PBXSourcesBuildPhase;
			buildActionMask = 2147483647;
			files = (
				12C456F91C492ADE00B48D23 /* ViewController.m in Sources */,
				12C456F61C492ADE00B48D23 /* AppDelegate.m in Sources */,
				12C456F31C492ADE00B48D23 /* main.m in Sources */,
			);
			runOnlyForDeploymentPostprocessing = 0;
		};
/* End PBXSourcesBuildPhase section */

/* Begin PBXVariantGroup section */
		12C456FA1C492ADE00B48D23 /* Main.storyboard */ = {
			isa = PBXVariantGroup;
			children = (
				12C456FB1C492ADE00B48D23 /* Base */,
			);
			name = Main.storyboard;
			sourceTree = "<group>";
		};
		12C456FF1C492ADE00B48D23 /* LaunchScreen.storyboard */ = {
			isa = PBXVariantGroup;
			children = (
				12C457001C492ADE00B48D23 /* Base */,
			);
			name = LaunchScreen.storyboard;
			sourceTree = "<group>";
		};
/* End PBXVariantGroup section */

/* Begin XCBuildConfiguration section */
		12C457031C492ADF00B48D23 /* Debug */ = {
			isa = XCBuildConfiguration;
			buildSettings = {
				ALWAYS_SEARCH_USER_PATHS = NO;
				CLANG_CXX_LANGUAGE_STANDARD = "gnu++0x";
				CLANG_CXX_LIBRARY = "libc++";
				CLANG_ENABLE_MODULES = YES;
				CLANG_ENABLE_OBJC_ARC = YES;
				CLANG_WARN_BOOL_CONVERSION = YES;
				CLANG_WARN_CONSTANT_CONVERSION = YES;
				CLANG_WARN_DIRECT_OBJC_ISA_USAGE = YES_ERROR;
				CLANG_WARN_EMPTY_BODY = YES;
				CLANG_WARN_ENUM_CONVERSION = YES;
				CLANG_WARN_INT_CONVERSION = YES;
				CLANG_WARN_OBJC_ROOT_CLASS = YES_ERROR;
				CLANG_WARN_UNREACHABLE_CODE = YES;
				CLANG_WARN__DUPLICATE_METHOD_MATCH = YES;
				"CODE_SIGN_IDENTITY[sdk=iphoneos*]" = "iPhone Developer";
				COPY_PHASE_STRIP = NO;
				DEBUG_INFORMATION_FORMAT = dwarf;
				ENABLE_STRICT_OBJC_MSGSEND = YES;
				ENABLE_TESTABILITY = YES;
				GCC_C_LANGUAGE_STANDARD = gnu99;
				GCC_DYNAMIC_NO_PIC = NO;
				GCC_NO_COMMON_BLOCKS = YES;
				GCC_OPTIMIZATION_LEVEL = 0;
				GCC_PREPROCESSOR_DEFINITIONS = (
					"DEBUG=1",
					"$(inherited)",
				);
				GCC_WARN_64_TO_32_BIT_CONVERSION = YES;
				GCC_WARN_ABOUT_RETURN_TYPE = YES_ERROR;
				GCC_WARN_UNDECLARED_SELECTOR = YES;
				GCC_WARN_UNINITIALIZED_AUTOS = YES_AGGRESSIVE;
				GCC_WARN_UNUSED_FUNCTION = YES;
				GCC_WARN_UNUSED_VARIABLE = YES;
				IPHONEOS_DEPLOYMENT_TARGET = 9.2;
				MTL_ENABLE_DEBUG_INFO = YES;
				ONLY_ACTIVE_ARCH = YES;
				SDKROOT = iphoneos;
			};
			name = Debug;
		};
		12C457041C492ADF00B48D23 /* Release */ = {
			isa = XCBuildConfiguration;
			buildSettings = {
				ALWAYS_SEARCH_USER_PATHS = NO;
				CLANG_CXX_LANGUAGE_STANDARD = "gnu++0x";
				CLANG_CXX_LIBRARY = "libc++";
				CLANG_ENABLE_MODULES = YES;
				CLANG_ENABLE_OBJC_ARC = YES;
				CLANG_WARN_BOOL_CONVERSION = YES;
				CLANG_WARN_CONSTANT_CONVERSION = YES;
				CLANG_WARN_DIRECT_OBJC_ISA_USAGE = YES_ERROR;
				CLANG_WARN_EMPTY_BODY = YES;
				CLANG_WARN_ENUM_CONVERSION = YES;
				CLANG_WARN_INT_CONVERSION = YES;
				CLANG_WARN_OBJC_ROOT_CLASS = YES_ERROR;
				CLANG_WARN_UNREACHABLE_CODE = YES;
				CLANG_WARN__DUPLICATE_METHOD_MATCH = YES;
				"CODE_SIGN_IDENTITY[sdk=iphoneos*]" = "iPhone Developer";
				COPY_PHASE_STRIP = NO;
				DEBUG_INFORMATION_FORMAT = "dwarf-with-dsym";
				ENABLE_NS_ASSERTIONS = NO;
				ENABLE_STRICT_OBJC_MSGSEND = YES;
				GCC_C_LANGUAGE_STANDARD = gnu99;
				GCC_NO_COMMON_BLOCKS = YES;
				GCC_WARN_64_TO_32_BIT_CONVERSION = YES;
				GCC_WARN_ABOUT_RETURN_TYPE = YES_ERROR;
				GCC_WARN_UNDECLARED_SELECTOR = YES;
				GCC_WARN_UNINITIALIZED_AUTOS = YES_AGGRESSIVE;
				GCC_WARN_UNUSED_FUNCTION = YES;
				GCC_WARN_UNUSED_VARIABLE = YES;
				IPHONEOS_DEPLOYMENT_TARGET = 9.2;
				MTL_ENABLE_DEBUG_INFO = NO;
				SDKROOT = iphoneos;
				VALIDATE_PRODUCT = YES;
			};
			name = Release;
		};
		12C457061C492ADF00B48D23 /* Debug */ = {
			isa = XCBuildConfiguration;
			buildSettings = {
				ASSETCATALOG_COMPILER_APPICON_NAME = AppIcon;
				INFOPLIST_FILE = IsContentBlockerEnabled/Info.plist;
				LD_RUNPATH_SEARCH_PATHS = "$(inherited) @executable_path/Frameworks";
				PRODUCT_BUNDLE_IDENTIFIER = ie.brod.IsContentBlockerEnabled;
				PRODUCT_NAME = "$(TARGET_NAME)";
			};
			name = Debug;
		};
		12C457071C492ADF00B48D23 /* Release */ = {
			isa = XCBuildConfiguration;
			buildSettings = {
				ASSETCATALOG_COMPILER_APPICON_NAME = AppIcon;
				INFOPLIST_FILE = IsContentBlockerEnabled/Info.plist;
				LD_RUNPATH_SEARCH_PATHS = "$(inherited) @executable_path/Frameworks";
				PRODUCT_BUNDLE_IDENTIFIER = ie.brod.IsContentBlockerEnabled;
				PRODUCT_NAME = "$(TARGET_NAME)";
			};
			name = Release;
		};
/* End XCBuildConfiguration section */

/* Begin XCConfigurationList section */
		12C456E91C492ADE00B48D23 /* Build configuration list for PBXProject "IsContentBlockerEnabled" */ = {
			isa = XCConfigurationList;
			buildConfigurations = (
				12C457031C492ADF00B48D23 /* Debug */,
				12C457041C492ADF00B48D23 /* Release */,
			);
			defaultConfigurationIsVisible = 0;
			defaultConfigurationName = Release;
		};
		12C457051C492ADF00B48D23 /* Build configuration list for PBXNativeTarget "IsContentBlockerEnabled" */ = {
			isa = XCConfigurationList;
			buildConfigurations = (
				12C457061C492ADF00B48D23 /* Debug */,
				12C457071C492ADF00B48D23 /* Release */,
			);
			defaultConfigurationIsVisible = 0;
		};
/* End XCConfigurationList section */
	};
	rootObject = 12C456E61C492ADE00B48D23 /* Project object */;
}
